
Microsoft Visual Studio Solution File, Format Version 12.00
# Blend for Visual Studio 15
VisualStudioVersion = 15.0.27703.2047
MinimumVisualStudioVersion = 10.0.40219.1
Project("{FAE04EC0-301F-11D3-BF4B-00C04F79EFBC}") = "UWP", "UWP\UWP.csproj", "{0BBE8849-C4B4-4FE2-9F8F-91D2F5319FC6}"
EndProject
Project("{FAE04EC0-301F-11D3-BF4B-00C04F79EFBC}") = "UWP.Core", "UWP.Core\UWP.Core.csproj", "{CCE8C6FD-6558-4BDC-B9EC-46393860FFFD}"
EndProject
Project("{FAE04EC0-301F-11D3-BF4B-00C04F79EFBC}") = "UWP.Migrations.Startup", "UWP.Migrations.Startup\UWP.Migrations.Startup.csproj", "{5D084991-DF07-4F95-8010-6408E7538BF1}"
EndProject
Project("{FAE04EC0-301F-11D3-BF4B-00C04F79EFBC}") = "UWP.Tests", "UWP.Tests\UWP.Tests.csproj", "{3859CF6E-47C3-493D-AE66-C19BAA5611EF}"
EndProject
Global
	GlobalSection(SolutionConfigurationPlatforms) = preSolution
		Debug|Any CPU = Debug|Any CPU
		Debug|ARM = Debug|ARM
		Debug|x64 = Debug|x64
		Debug|x86 = Debug|x86
		Release|Any CPU = Release|Any CPU
		Release|ARM = Release|ARM
		Release|x64 = Release|x64
		Release|x86 = Release|x86
	EndGlobalSection
	GlobalSection(ProjectConfigurationPlatforms) = postSolution
		{0BBE8849-C4B4-4FE2-9F8F-91D2F5319FC6}.Debug|Any CPU.ActiveCfg = Debug|x86
		{0BBE8849-C4B4-4FE2-9F8F-91D2F5319FC6}.Debug|ARM.ActiveCfg = Debug|ARM
		{0BBE8849-C4B4-4FE2-9F8F-91D2F5319FC6}.Debug|ARM.Build.0 = Debug|ARM
		{0BBE8849-C4B4-4FE2-9F8F-91D2F5319FC6}.Debug|ARM.Deploy.0 = Debug|ARM
		{0BBE8849-C4B4-4FE2-9F8F-91D2F5319FC6}.Debug|x64.ActiveCfg = Debug|x64
		{0BBE8849-C4B4-4FE2-9F8F-91D2F5319FC6}.Debug|x64.Build.0 = Debug|x64
		{0BBE8849-C4B4-4FE2-9F8F-91D2F5319FC6}.Debug|x64.Deploy.0 = Debug|x64
		{0BBE8849-C4B4-4FE2-9F8F-91D2F5319FC6}.Debug|x86.ActiveCfg = Debug|x86
		{0BBE8849-C4B4-4FE2-9F8F-91D2F5319FC6}.Debug|x86.Build.0 = Debug|x86
		{0BBE8849-C4B4-4FE2-9F8F-91D2F5319FC6}.Debug|x86.Deploy.0 = Debug|x86
		{0BBE8849-C4B4-4FE2-9F8F-91D2F5319FC6}.Release|Any CPU.ActiveCfg = Release|x86
		{0BBE8849-C4B4-4FE2-9F8F-91D2F5319FC6}.Release|ARM.ActiveCfg = Release|ARM
		{0BBE8849-C4B4-4FE2-9F8F-91D2F5319FC6}.Release|ARM.Build.0 = Release|ARM
		{0BBE8849-C4B4-4FE2-9F8F-91D2F5319FC6}.Release|ARM.Deploy.0 = Release|ARM
		{0BBE8849-C4B4-4FE2-9F8F-91D2F5319FC6}.Release|x64.ActiveCfg = Release|x64
		{0BBE8849-C4B4-4FE2-9F8F-91D2F5319FC6}.Release|x64.Build.0 = Release|x64
		{0BBE8849-C4B4-4FE2-9F8F-91D2F5319FC6}.Release|x64.Deploy.0 = Release|x64
		{0BBE8849-C4B4-4FE2-9F8F-91D2F5319FC6}.Release|x86.ActiveCfg = Release|x86
		{0BBE8849-C4B4-4FE2-9F8F-91D2F5319FC6}.Release|x86.Build.0 = Release|x86
		{0BBE8849-C4B4-4FE2-9F8F-91D2F5319FC6}.Release|x86.Deploy.0 = Release|x86
		{CCE8C6FD-6558-4BDC-B9EC-46393860FFFD}.Debug|Any CPU.ActiveCfg = Debug|Any CPU
		{CCE8C6FD-6558-4BDC-B9EC-46393860FFFD}.Debug|Any CPU.Build.0 = Debug|Any CPU
		{CCE8C6FD-6558-4BDC-B9EC-46393860FFFD}.Debug|ARM.ActiveCfg = Debug|Any CPU
		{CCE8C6FD-6558-4BDC-B9EC-46393860FFFD}.Debug|ARM.Build.0 = Debug|Any CPU
		{CCE8C6FD-6558-4BDC-B9EC-46393860FFFD}.Debug|x64.ActiveCfg = Debug|Any CPU
		{CCE8C6FD-6558-4BDC-B9EC-46393860FFFD}.Debug|x64.Build.0 = Debug|Any CPU
		{CCE8C6FD-6558-4BDC-B9EC-46393860FFFD}.Debug|x86.ActiveCfg = Debug|Any CPU
		{CCE8C6FD-6558-4BDC-B9EC-46393860FFFD}.Debug|x86.Build.0 = Debug|Any CPU
		{CCE8C6FD-6558-4BDC-B9EC-46393860FFFD}.Release|Any CPU.ActiveCfg = Release|Any CPU
		{CCE8C6FD-6558-4BDC-B9EC-46393860FFFD}.Release|Any CPU.Build.0 = Release|Any CPU
		{CCE8C6FD-6558-4BDC-B9EC-46393860FFFD}.Release|ARM.ActiveCfg = Release|Any CPU
		{CCE8C6FD-6558-4BDC-B9EC-46393860FFFD}.Release|ARM.Build.0 = Release|Any CPU
		{CCE8C6FD-6558-4BDC-B9EC-46393860FFFD}.Release|x64.ActiveCfg = Release|Any CPU
		{CCE8C6FD-6558-4BDC-B9EC-46393860FFFD}.Release|x64.Build.0 = Release|Any CPU
		{CCE8C6FD-6558-4BDC-B9EC-46393860FFFD}.Release|x86.ActiveCfg = Release|Any CPU
		{CCE8C6FD-6558-4BDC-B9EC-46393860FFFD}.Release|x86.Build.0 = Release|Any CPU
		{5D084991-DF07-4F95-8010-6408E7538BF1}.Debug|Any CPU.ActiveCfg = Debug|Any CPU
		{5D084991-DF07-4F95-8010-6408E7538BF1}.Debug|Any CPU.Build.0 = Debug|Any CPU
		{5D084991-DF07-4F95-8010-6408E7538BF1}.Debug|ARM.ActiveCfg = Debug|Any CPU
		{5D084991-DF07-4F95-8010-6408E7538BF1}.Debug|ARM.Build.0 = Debug|Any CPU
		{5D084991-DF07-4F95-8010-6408E7538BF1}.Debug|x64.ActiveCfg = Debug|Any CPU
		{5D084991-DF07-4F95-8010-6408E7538BF1}.Debug|x64.Build.0 = Debug|Any CPU
		{5D084991-DF07-4F95-8010-6408E7538BF1}.Debug|x86.ActiveCfg = Debug|Any CPU
		{5D084991-DF07-4F95-8010-6408E7538BF1}.Debug|x86.Build.0 = Debug|Any CPU
		{5D084991-DF07-4F95-8010-6408E7538BF1}.Release|Any CPU.ActiveCfg = Release|Any CPU
		{5D084991-DF07-4F95-8010-6408E7538BF1}.Release|Any CPU.Build.0 = Release|Any CPU
		{5D084991-DF07-4F95-8010-6408E7538BF1}.Release|ARM.ActiveCfg = Release|Any CPU
		{5D084991-DF07-4F95-8010-6408E7538BF1}.Release|ARM.Build.0 = Release|Any CPU
		{5D084991-DF07-4F95-8010-6408E7538BF1}.Release|x64.ActiveCfg = Release|Any CPU
		{5D084991-DF07-4F95-8010-6408E7538BF1}.Release|x64.Build.0 = Release|Any CPU
		{5D084991-DF07-4F95-8010-6408E7538BF1}.Release|x86.ActiveCfg = Release|Any CPU
		{5D084991-DF07-4F95-8010-6408E7538BF1}.Release|x86.Build.0 = Release|Any CPU
		{3859CF6E-47C3-493D-AE66-C19BAA5611EF}.Debug|Any CPU.ActiveCfg = Debug|Any CPU
		{3859CF6E-47C3-493D-AE66-C19BAA5611EF}.Debug|Any CPU.Build.0 = Debug|Any CPU
		{3859CF6E-47C3-493D-AE66-C19BAA5611EF}.Debug|ARM.ActiveCfg = Debug|Any CPU
		{3859CF6E-47C3-493D-AE66-C19BAA5611EF}.Debug|ARM.Build.0 = Debug|Any CPU
		{3859CF6E-47C3-493D-AE66-C19BAA5611EF}.Debug|x64.ActiveCfg = Debug|Any CPU
		{3859CF6E-47C3-493D-AE66-C19BAA5611EF}.Debug|x64.Build.0 = Debug|Any CPU
		{3859CF6E-47C3-493D-AE66-C19BAA5611EF}.Debug|x86.ActiveCfg = Debug|Any CPU
		{3859CF6E-47C3-493D-AE66-C19BAA5611EF}.Debug|x86.Build.0 = Debug|Any CPU
		{3859CF6E-47C3-493D-AE66-C19BAA5611EF}.Release|Any CPU.ActiveCfg = Release|Any CPU
		{3859CF6E-47C3-493D-AE66-C19BAA5611EF}.Release|Any CPU.Build.0 = Release|Any CPU
		{3859CF6E-47C3-493D-AE66-C19BAA5611EF}.Release|ARM.ActiveCfg = Release|Any CPU
		{3859CF6E-47C3-493D-AE66-C19BAA5611EF}.Release|ARM.Build.0 = Release|Any CPU
		{3859CF6E-47C3-493D-AE66-C19BAA5611EF}.Release|x64.ActiveCfg = Release|Any CPU
		{3859CF6E-47C3-493D-AE66-C19BAA5611EF}.Release|x64.Build.0 = Release|Any CPU
		{3859CF6E-47C3-493D-AE66-C19BAA5611EF}.Release|x86.ActiveCfg = Release|Any CPU
		{3859CF6E-47C3-493D-AE66-C19BAA5611EF}.Release|x86.Build.0 = Release|Any CPU
	EndGlobalSection
	GlobalSection(SolutionProperties) = preSolution
		HideSolutionNode = FALSE
	EndGlobalSection
	GlobalSection(ExtensibilityGlobals) = postSolution
		SolutionGuid = {3DB56FF2-B472-4292-B5FF-2875ADF8CFAA}
	EndGlobalSection
EndGlobal
